
Microsoft Visual Studio Solution File, Format Version 12.00
# Visual Studio Version 17
VisualStudioVersion = 17.11.35312.102
MinimumVisualStudioVersion = 10.0.40219.1
Project("{FAE04EC0-301F-11D3-BF4B-00C04F79EFBC}") = "EldoMvideoAPI", "EldoMvideoAPI\EldoMvideoAPI.csproj", "{241F6F08-B4C2-4429-834E-48C604A9CF38}"
EndProject
Global
	GlobalSection(SolutionConfigurationPlatforms) = preSolution
		Debug|Any CPU = Debug|Any CPU
		Release|Any CPU = Release|Any CPU
	EndGlobalSection
	GlobalSection(ProjectConfigurationPlatforms) = postSolution
		{241F6F08-B4C2-4429-834E-48C604A9CF38}.Debug|Any CPU.ActiveCfg = Debug|Any CPU
		{241F6F08-B4C2-4429-834E-48C604A9CF38}.Debug|Any CPU.Build.0 = Debug|Any CPU
		{241F6F08-B4C2-4429-834E-48C604A9CF38}.Release|Any CPU.ActiveCfg = Release|Any CPU
		{241F6F08-B4C2-4429-834E-48C604A9CF38}.Release|Any CPU.Build.0 = Release|Any CPU
	EndGlobalSection
	GlobalSection(SolutionProperties) = preSolution
		HideSolutionNode = FALSE
	EndGlobalSection
	GlobalSection(ExtensibilityGlobals) = postSolution
		SolutionGuid = {DB8F6F19-E47B-4877-9E54-03E08318E6B1}
	EndGlobalSection
EndGlobal
